# This file is automatically @generated by Cargo.
# It is not intended for manual editing.
version = 4

[[package]]
name = "nudox-compile-registry"
version = "0.1.0"
dependencies = [
 "nudox-compile-vocab",
]

[[package]]
name = "nudox-compile-vocab"
version = "0.1.0"
dependencies = [
 "nudox-ir-vocab",
]

[[package]]
name = "nudox-ir-vocab"
version = "0.1.0"
